
Microsoft Visual Studio Solution File, Format Version 12.00
# Visual Studio Version 16
VisualStudioVersion = 16.0.32901.82
MinimumVisualStudioVersion = 10.0.40219.1
Project("{FAE04EC0-301F-11D3-BF4B-00C04F79EFBC}") = "WebAPI", "WebAPI.csproj", "{5EAB4F3F-7BC5-411A-AEA9-DE75B09E89F6}"
EndProject
Global
	GlobalSection(SolutionConfigurationPlatforms) = preSolution
		Debug|Any CPU = Debug|Any CPU
		Release|Any CPU = Release|Any CPU
	EndGlobalSection
	GlobalSection(ProjectConfigurationPlatforms) = postSolution
		{5EAB4F3F-7BC5-411A-AEA9-DE75B09E89F6}.Debug|Any CPU.ActiveCfg = Debug|Any CPU
		{5EAB4F3F-7BC5-411A-AEA9-DE75B09E89F6}.Debug|Any CPU.Build.0 = Debug|Any CPU
		{5EAB4F3F-7BC5-411A-AEA9-DE75B09E89F6}.Release|Any CPU.ActiveCfg = Release|Any CPU
		{5EAB4F3F-7BC5-411A-AEA9-DE75B09E89F6}.Release|Any CPU.Build.0 = Release|Any CPU
	EndGlobalSection
	GlobalSection(SolutionProperties) = preSolution
		HideSolutionNode = FALSE
	EndGlobalSection
	GlobalSection(ExtensibilityGlobals) = postSolution
		SolutionGuid = {114AEA4A-AACC-411D-A11B-FD398F0AC7BE}
	EndGlobalSection
EndGlobal
